// !$*UTF8*$!
{
	archiveVersion = 1;
	classes = {
	};
	objectVersion = 50;
	objects = {

/* Begin PBXBuildFile section */
		29CE2E482512237300154178 /* AppDelegate.swift in Sources */ = {isa = PBXBuildFile; fileRef = 29CE2E472512237300154178 /* AppDelegate.swift */; };
		29CE2E4A2512237300154178 /* SceneDelegate.swift in Sources */ = {isa = PBXBuildFile; fileRef = 29CE2E492512237300154178 /* SceneDelegate.swift */; };
		29CE2E4C2512237300154178 /* ViewController.swift in Sources */ = {isa = PBXBuildFile; fileRef = 29CE2E4B2512237300154178 /* ViewController.swift */; };
		29CE2E4F2512237300154178 /* Main.storyboard in Resources */ = {isa = PBXBuildFile; fileRef = 29CE2E4D2512237300154178 /* Main.storyboard */; };
		29CE2E512512237400154178 /* Assets.xcassets in Resources */ = {isa = PBXBuildFile; fileRef = 29CE2E502512237400154178 /* Assets.xcassets */; };
		29CE2E542512237400154178 /* LaunchScreen.storyboard in Resources */ = {isa = PBXBuildFile; fileRef = 29CE2E522512237400154178 /* LaunchScreen.storyboard */; };
		29CE2E60251226FB00154178 /* DataModel.swift in Sources */ = {isa = PBXBuildFile; fileRef = 29CE2E5F251226FB00154178 /* DataModel.swift */; };
		29CE2E64251227D600154178 /* customCellTableViewCell.swift in Sources */ = {isa = PBXBuildFile; fileRef = 29CE2E62251227D600154178 /* customCellTableViewCell.swift */; };
		29CE2E65251227D600154178 /* customCellTableViewCell.xib in Resources */ = {isa = PBXBuildFile; fileRef = 29CE2E63251227D600154178 /* customCellTableViewCell.xib */; };
/* End PBXBuildFile section */

/* Begin PBXFileReference section */
		29CE2E442512237300154178 /* Music-App.app */ = {isa = PBXFileReference; explicitFileType = wrapper.application; includeInIndex = 0; path = "Music-App.app"; sourceTree = BUILT_PRODUCTS_DIR; };
		29CE2E472512237300154178 /* AppDelegate.swift */ = {isa = PBXFileReference; lastKnownFileType = sourcecode.swift; path = AppDelegate.swift; sourceTree = "<group>"; };
		29CE2E492512237300154178 /* SceneDelegate.swift */ = {isa = PBXFileReference; lastKnownFileType = sourcecode.swift; path = SceneDelegate.swift; sourceTree = "<group>"; };
		29CE2E4B2512237300154178 /* ViewController.swift */ = {isa = PBXFileReference; lastKnownFileType = sourcecode.swift; path = ViewController.swift; sourceTree = "<group>"; };
		29CE2E4E2512237300154178 /* Base */ = {isa = PBXFileReference; lastKnownFileType = file.storyboard; name = Base; path = Base.lproj/Main.storyboard; sourceTree = "<group>"; };
		29CE2E502512237400154178 /* Assets.xcassets */ = {isa = PBXFileReference; lastKnownFileType = folder.assetcatalog; path = Assets.xcassets; sourceTree = "<group>"; };
		29CE2E532512237400154178 /* Base */ = {isa = PBXFileReference; lastKnownFileType = file.storyboard; name = Base; path = Base.lproj/LaunchScreen.storyboard; sourceTree = "<group>"; };
		29CE2E552512237400154178 /* Info.plist */ = {isa = PBXFileReference; lastKnownFileType = text.plist.xml; path = Info.plist; sourceTree = "<group>"; };
		29CE2E5F251226FB00154178 /* DataModel.swift */ = {isa = PBXFileReference; lastKnownFileType = sourcecode.swift; path = DataModel.swift; sourceTree = "<group>"; };
		29CE2E62251227D600154178 /* customCellTableViewCell.swift */ = {isa = PBXFileReference; lastKnownFileType = sourcecode.swift; path = customCellTableViewCell.swift; sourceTree = "<group>"; };
		29CE2E63251227D600154178 /* customCellTableViewCell.xib */ = {isa = PBXFileReference; lastKnownFileType = file.xib; path = customCellTableViewCell.xib; sourceTree = "<group>"; };
/* End PBXFileReference section */

/* Begin PBXFrameworksBuildPhase section */
		29CE2E412512237300154178 /* Frameworks */ = {
			isa = PBXFrameworksBuildPhase;
			buildActionMask = 2147483647;
			files = (
			);
			runOnlyForDeploymentPostprocessing = 0;
		};
/* End PBXFrameworksBuildPhase section */

/* Begin PBXGroup section */
		29CE2E3B2512237300154178 = {
			isa = PBXGroup;
			children = (
				29CE2E462512237300154178 /* Music-App */,
				29CE2E452512237300154178 /* Products */,
			);
			sourceTree = "<group>";
		};
		29CE2E452512237300154178 /* Products */ = {
			isa = PBXGroup;
			children = (
				29CE2E442512237300154178 /* Music-App.app */,
			);
			name = Products;
			sourceTree = "<group>";
		};
		29CE2E462512237300154178 /* Music-App */ = {
			isa = PBXGroup;
			children = (
				29CE2E472512237300154178 /* AppDelegate.swift */,
				29CE2E492512237300154178 /* SceneDelegate.swift */,
				29CE2E612512270200154178 /* Model */,
				29CE2E5D2512254E00154178 /* View */,
				29CE2E5E2512255A00154178 /* Controller */,
				29CE2E502512237400154178 /* Assets.xcassets */,
				29CE2E522512237400154178 /* LaunchScreen.storyboard */,
				29CE2E552512237400154178 /* Info.plist */,
			);
			path = "Music-App";
			sourceTree = "<group>";
		};
		29CE2E5D2512254E00154178 /* View */ = {
			isa = PBXGroup;
			children = (
				29CE2E4D2512237300154178 /* Main.storyboard */,
				29CE2E62251227D600154178 /* customCellTableViewCell.swift */,
				29CE2E63251227D600154178 /* customCellTableViewCell.xib */,
			);
			path = View;
			sourceTree = "<group>";
		};
		29CE2E5E2512255A00154178 /* Controller */ = {
			isa = PBXGroup;
			children = (
				29CE2E4B2512237300154178 /* ViewController.swift */,
			);
			path = Controller;
			sourceTree = "<group>";
		};
		29CE2E612512270200154178 /* Model */ = {
			isa = PBXGroup;
			children = (
				29CE2E5F251226FB00154178 /* DataModel.swift */,
			);
			path = Model;
			sourceTree = "<group>";
		};
/* End PBXGroup section */

/* Begin PBXNativeTarget section */
		29CE2E432512237300154178 /* Music-App */ = {
			isa = PBXNativeTarget;
			buildConfigurationList = 29CE2E582512237400154178 /* Build configuration list for PBXNativeTarget "Music-App" */;
			buildPhases = (
				29CE2E402512237300154178 /* Sources */,
				29CE2E412512237300154178 /* Frameworks */,
				29CE2E422512237300154178 /* Resources */,
			);
			buildRules = (
			);
			dependencies = (
			);
			name = "Music-App";
			productName = "Music-App";
			productReference = 29CE2E442512237300154178 /* Music-App.app */;
			productType = "com.apple.product-type.application";
		};
/* End PBXNativeTarget section */

/* Begin PBXProject section */
		29CE2E3C2512237300154178 /* Project object */ = {
			isa = PBXProject;
			attributes = {
				LastSwiftUpdateCheck = 1170;
				LastUpgradeCheck = 1170;
				ORGANIZATIONNAME = "Appnap WS01";
				TargetAttributes = {
					29CE2E432512237300154178 = {
						CreatedOnToolsVersion = 11.7;
					};
				};
			};
			buildConfigurationList = 29CE2E3F2512237300154178 /* Build configuration list for PBXProject "Music-App" */;
			compatibilityVersion = "Xcode 9.3";
			developmentRegion = en;
			hasScannedForEncodings = 0;
			knownRegions = (
				en,
				Base,
			);
			mainGroup = 29CE2E3B2512237300154178;
			productRefGroup = 29CE2E452512237300154178 /* Products */;
			projectDirPath = "";
			projectRoot = "";
			targets = (
				29CE2E432512237300154178 /* Music-App */,
			);
		};
/* End PBXProject section */

/* Begin PBXResourcesBuildPhase section */
		29CE2E422512237300154178 /* Resources */ = {
			isa = PBXResourcesBuildPhase;
			buildActionMask = 2147483647;
			files = (
				29CE2E542512237400154178 /* LaunchScreen.storyboard in Resources */,
				29CE2E512512237400154178 /* Assets.xcassets in Resources */,
				29CE2E65251227D600154178 /* customCellTableViewCell.xib in Resources */,
				29CE2E4F2512237300154178 /* Main.storyboard in Resources */,
			);
			runOnlyForDeploymentPostprocessing = 0;
		};
/* End PBXResourcesBuildPhase section */

/* Begin PBXSourcesBuildPhase section */
		29CE2E402512237300154178 /* Sources */ = {
			isa = PBXSourcesBuildPhase;
			buildActionMask = 2147483647;
			files = (
				29CE2E4C2512237300154178 /* ViewController.swift in Sources */,
				29CE2E60251226FB00154178 /* DataModel.swift in Sources */,
				29CE2E482512237300154178 /* AppDelegate.swift in Sources */,
				29CE2E4A2512237300154178 /* SceneDelegate.swift in Sources */,
				29CE2E64251227D600154178 /* customCellTableViewCell.swift in Sources */,
			);
			runOnlyForDeploymentPostprocessing = 0;
		};
/* End PBXSourcesBuildPhase section */

/* Begin PBXVariantGroup section */
		29CE2E4D2512237300154178 /* Main.storyboard */ = {
			isa = PBXVariantGroup;
			children = (
				29CE2E4E2512237300154178 /* Base */,
			);
			name = Main.storyboard;
			sourceTree = "<group>";
		};
		29CE2E522512237400154178 /* LaunchScreen.storyboard */ = {
			isa = PBXVariantGroup;
			children = (
				29CE2E532512237400154178 /* Base */,
			);
			name = LaunchScreen.storyboard;
			sourceTree = "<group>";
		};
/* End PBXVariantGroup section */

/* Begin XCBuildConfiguration section */
		29CE2E562512237400154178 /* Debug */ = {
			isa = XCBuildConfiguration;
			buildSettings = {
				ALWAYS_SEARCH_USER_PATHS = NO;
				CLANG_ANALYZER_NONNULL = YES;
				CLANG_ANALYZER_NUMBER_OBJECT_CONVERSION = YES_AGGRESSIVE;
				CLANG_CXX_LANGUAGE_STANDARD = "gnu++14";
				CLANG_CXX_LIBRARY = "libc++";
				CLANG_ENABLE_MODULES = YES;
				CLANG_ENABLE_OBJC_ARC = YES;
				CLANG_ENABLE_OBJC_WEAK = YES;
				CLANG_WARN_BLOCK_CAPTURE_AUTORELEASING = YES;
				CLANG_WARN_BOOL_CONVERSION = YES;
				CLANG_WARN_COMMA = YES;
				CLANG_WARN_CONSTANT_CONVERSION = YES;
				CLANG_WARN_DEPRECATED_OBJC_IMPLEMENTATIONS = YES;
				CLANG_WARN_DIRECT_OBJC_ISA_USAGE = YES_ERROR;
				CLANG_WARN_DOCUMENTATION_COMMENTS = YES;
				CLANG_WARN_EMPTY_BODY = YES;
				CLANG_WARN_ENUM_CONVERSION = YES;
				CLANG_WARN_INFINITE_RECURSION = YES;
				CLANG_WARN_INT_CONVERSION = YES;
				CLANG_WARN_NON_LITERAL_NULL_CONVERSION = YES;
				CLANG_WARN_OBJC_IMPLICIT_RETAIN_SELF = YES;
				CLANG_WARN_OBJC_LITERAL_CONVERSION = YES;
				CLANG_WARN_OBJC_ROOT_CLASS = YES_ERROR;
				CLANG_WARN_RANGE_LOOP_ANALYSIS = YES;
				CLANG_WARN_STRICT_PROTOTYPES = YES;
				CLANG_WARN_SUSPICIOUS_MOVE = YES;
				CLANG_WARN_UNGUARDED_AVAILABILITY = YES_AGGRESSIVE;
				CLANG_WARN_UNREACHABLE_CODE = YES;
				CLANG_WARN__DUPLICATE_METHOD_MATCH = YES;
				COPY_PHASE_STRIP = NO;
				DEBUG_INFORMATION_FORMAT = dwarf;
				ENABLE_STRICT_OBJC_MSGSEND = YES;
				ENABLE_TESTABILITY = YES;
				GCC_C_LANGUAGE_STANDARD = gnu11;
				GCC_DYNAMIC_NO_PIC = NO;
				GCC_NO_COMMON_BLOCKS = YES;
				GCC_OPTIMIZATION_LEVEL = 0;
				GCC_PREPROCESSOR_DEFINITIONS = (
					"DEBUG=1",
					"$(inherited)",
				);
				GCC_WARN_64_TO_32_BIT_CONVERSION = YES;
				GCC_WARN_ABOUT_RETURN_TYPE = YES_ERROR;
				GCC_WARN_UNDECLARED_SELECTOR = YES;
				GCC_WARN_UNINITIALIZED_AUTOS = YES_AGGRESSIVE;
				GCC_WARN_UNUSED_FUNCTION = YES;
				GCC_WARN_UNUSED_VARIABLE = YES;
				IPHONEOS_DEPLOYMENT_TARGET = 13.7;
				MTL_ENABLE_DEBUG_INFO = INCLUDE_SOURCE;
				MTL_FAST_MATH = YES;
				ONLY_ACTIVE_ARCH = YES;
				SDKROOT = iphoneos;
				SWIFT_ACTIVE_COMPILATION_CONDITIONS = DEBUG;
				SWIFT_OPTIMIZATION_LEVEL = "-Onone";
			};
			name = Debug;
		};
		29CE2E572512237400154178 /* Release */ = {
			isa = XCBuildConfiguration;
			buildSettings = {
				ALWAYS_SEARCH_USER_PATHS = NO;
				CLANG_ANALYZER_NONNULL = YES;
				CLANG_ANALYZER_NUMBER_OBJECT_CONVERSION = YES_AGGRESSIVE;
				CLANG_CXX_LANGUAGE_STANDARD = "gnu++14";
				CLANG_CXX_LIBRARY = "libc++";
				CLANG_ENABLE_MODULES = YES;
				CLANG_ENABLE_OBJC_ARC = YES;
				CLANG_ENABLE_OBJC_WEAK = YES;
				CLANG_WARN_BLOCK_CAPTURE_AUTORELEASING = YES;
				CLANG_WARN_BOOL_CONVERSION = YES;
				CLANG_WARN_COMMA = YES;
				CLANG_WARN_CONSTANT_CONVERSION = YES;
				CLANG_WARN_DEPRECATED_OBJC_IMPLEMENTATIONS = YES;
				CLANG_WARN_DIRECT_OBJC_ISA_USAGE = YES_ERROR;
				CLANG_WARN_DOCUMENTATION_COMMENTS = YES;
				CLANG_WARN_EMPTY_BODY = YES;
				CLANG_WARN_ENUM_CONVERSION = YES;
				CLANG_WARN_INFINITE_RECURSION = YES;
				CLANG_WARN_INT_CONVERSION = YES;
				CLANG_WARN_NON_LITERAL_NULL_CONVERSION = YES;
				CLANG_WARN_OBJC_IMPLICIT_RETAIN_SELF = YES;
				CLANG_WARN_OBJC_LITERAL_CONVERSION = YES;
				CLANG_WARN_OBJC_ROOT_CLASS = YES_ERROR;
				CLANG_WARN_RANGE_LOOP_ANALYSIS = YES;
				CLANG_WARN_STRICT_PROTOTYPES = YES;
				CLANG_WARN_SUSPICIOUS_MOVE = YES;
				CLANG_WARN_UNGUARDED_AVAILABILITY = YES_AGGRESSIVE;
				CLANG_WARN_UNREACHABLE_CODE = YES;
				CLANG_WARN__DUPLICATE_METHOD_MATCH = YES;
				COPY_PHASE_STRIP = NO;
				DEBUG_INFORMATION_FORMAT = "dwarf-with-dsym";
				ENABLE_NS_ASSERTIONS = NO;
				ENABLE_STRICT_OBJC_MSGSEND = YES;
				GCC_C_LANGUAGE_STANDARD = gnu11;
				GCC_NO_COMMON_BLOCKS = YES;
				GCC_WARN_64_TO_32_BIT_CONVERSION = YES;
				GCC_WARN_ABOUT_RETURN_TYPE = YES_ERROR;
				GCC_WARN_UNDECLARED_SELECTOR = YES;
				GCC_WARN_UNINITIALIZED_AUTOS = YES_AGGRESSIVE;
				GCC_WARN_UNUSED_FUNCTION = YES;
				GCC_WARN_UNUSED_VARIABLE = YES;
				IPHONEOS_DEPLOYMENT_TARGET = 13.7;
				MTL_ENABLE_DEBUG_INFO = NO;
				MTL_FAST_MATH = YES;
				SDKROOT = iphoneos;
				SWIFT_COMPILATION_MODE = wholemodule;
				SWIFT_OPTIMIZATION_LEVEL = "-O";
				VALIDATE_PRODUCT = YES;
			};
			name = Release;
		};
		29CE2E592512237400154178 /* Debug */ = {
			isa = XCBuildConfiguration;
			buildSettings = {
				ASSETCATALOG_COMPILER_APPICON_NAME = AppIcon;
				CODE_SIGN_STYLE = Automatic;
				INFOPLIST_FILE = "Music-App/Info.plist";
				LD_RUNPATH_SEARCH_PATHS = (
					"$(inherited)",
					"@executable_path/Frameworks",
				);
				PRODUCT_BUNDLE_IDENTIFIER = "com.Appnap.Music-App";
				PRODUCT_NAME = "$(TARGET_NAME)";
				SWIFT_VERSION = 5.0;
				TARGETED_DEVICE_FAMILY = "1,2";
			};
			name = Debug;
		};
		29CE2E5A2512237400154178 /* Release */ = {
			isa = XCBuildConfiguration;
			buildSettings = {
				ASSETCATALOG_COMPILER_APPICON_NAME = AppIcon;
				CODE_SIGN_STYLE = Automatic;
				INFOPLIST_FILE = "Music-App/Info.plist";
				LD_RUNPATH_SEARCH_PATHS = (
					"$(inherited)",
					"@executable_path/Frameworks",
				);
				PRODUCT_BUNDLE_IDENTIFIER = "com.Appnap.Music-App";
				PRODUCT_NAME = "$(TARGET_NAME)";
				SWIFT_VERSION = 5.0;
				TARGETED_DEVICE_FAMILY = "1,2";
			};
			name = Release;
		};
/* End XCBuildConfiguration section */

/* Begin XCConfigurationList section */
		29CE2E3F2512237300154178 /* Build configuration list for PBXProject "Music-App" */ = {
			isa = XCConfigurationList;
			buildConfigurations = (
				29CE2E562512237400154178 /* Debug */,
				29CE2E572512237400154178 /* Release */,
			);
			defaultConfigurationIsVisible = 0;
			defaultConfigurationName = Release;
		};
		29CE2E582512237400154178 /* Build configuration list for PBXNativeTarget "Music-App" */ = {
			isa = XCConfigurationList;
			buildConfigurations = (
				29CE2E592512237400154178 /* Debug */,
				29CE2E5A2512237400154178 /* Release */,
			);
			defaultConfigurationIsVisible = 0;
			defaultConfigurationName = Release;
		};
/* End XCConfigurationList section */
	};
	rootObject = 29CE2E3C2512237300154178 /* Project object */;
}
